
Microsoft Visual Studio Solution File, Format Version 12.00
# Visual Studio 15
VisualStudioVersion = 15.0.26430.6
MinimumVisualStudioVersion = 10.0.40219.1
Project("{FAE04EC0-301F-11D3-BF4B-00C04F79EFBC}") = "Umbraco.Site", "Umbraco.Site\Umbraco.Site.csproj", "{C06D7841-A92A-4619-85F1-C8234E25E8FC}"
EndProject
Project("{FAE04EC0-301F-11D3-BF4B-00C04F79EFBC}") = "Umbraco.Extensions", "Umbraco.Extensions\Umbraco.Extensions.csproj", "{F26A1F92-71C3-4447-811C-119EA749040C}"
EndProject
Global
	GlobalSection(SolutionConfigurationPlatforms) = preSolution
		Debug|Any CPU = Debug|Any CPU
		Release|Any CPU = Release|Any CPU
	EndGlobalSection
	GlobalSection(ProjectConfigurationPlatforms) = postSolution
		{C06D7841-A92A-4619-85F1-C8234E25E8FC}.Debug|Any CPU.ActiveCfg = Debug|Any CPU
		{C06D7841-A92A-4619-85F1-C8234E25E8FC}.Debug|Any CPU.Build.0 = Debug|Any CPU
		{C06D7841-A92A-4619-85F1-C8234E25E8FC}.Release|Any CPU.ActiveCfg = Release|Any CPU
		{C06D7841-A92A-4619-85F1-C8234E25E8FC}.Release|Any CPU.Build.0 = Release|Any CPU
		{F26A1F92-71C3-4447-811C-119EA749040C}.Debug|Any CPU.ActiveCfg = Debug|Any CPU
		{F26A1F92-71C3-4447-811C-119EA749040C}.Debug|Any CPU.Build.0 = Debug|Any CPU
		{F26A1F92-71C3-4447-811C-119EA749040C}.Release|Any CPU.ActiveCfg = Release|Any CPU
		{F26A1F92-71C3-4447-811C-119EA749040C}.Release|Any CPU.Build.0 = Release|Any CPU
	EndGlobalSection
	GlobalSection(SolutionProperties) = preSolution
		HideSolutionNode = FALSE
	EndGlobalSection
EndGlobal
